github.com/itchyny/gojq v0.12.18-0.20251127003340-5d8a53c7bd00 h1:LkupEh4zMxSbcBH4Kla2Qlr+2yP0FdVYZXnt7sgdTNE=
github.com/itchyny/gojq v0.12.18-0.20251127003340-5d8a53c7bd00/go.mod h1:j5Phaaa27hiItmAoYPne5ogJyB/JOCXM4AKRL9nVWbo=
github.com/itchyny/timefmt-go v0.1.6 h1:ia3s54iciXDdzWzwaVKXZPbiXzxxnv1SPGFfM/myJ5Q=
github.com/itchyny/timefmt-go v0.1.6/go.mod h1:RRDZYC5s9ErkjQvTvvU7keJjxUYzIISJGxm9/mAERQg=
